
Microsoft Visual Studio Solution File, Format Version 12.00
Project("{FAE04EC0-301F-11D3-BF4B-00C04F79EFBC}") = "fmuSimulator", "fmuSimulator\fmuSimulator.csproj", "{459EFF93-581A-4E21-BAF7-1A31F48F6729}"
EndProject
Global
	GlobalSection(SolutionConfigurationPlatforms) = preSolution
		Debug|Any CPU = Debug|Any CPU
		Release|Any CPU = Release|Any CPU
	EndGlobalSection
	GlobalSection(ProjectConfigurationPlatforms) = postSolution
		{459EFF93-581A-4E21-BAF7-1A31F48F6729}.Debug|Any CPU.ActiveCfg = Debug|Any CPU
		{459EFF93-581A-4E21-BAF7-1A31F48F6729}.Debug|Any CPU.Build.0 = Debug|Any CPU
		{459EFF93-581A-4E21-BAF7-1A31F48F6729}.Release|Any CPU.ActiveCfg = Release|Any CPU
		{459EFF93-581A-4E21-BAF7-1A31F48F6729}.Release|Any CPU.Build.0 = Release|Any CPU
	EndGlobalSection
EndGlobal
